
Microsoft Visual Studio Solution File, Format Version 12.00
# Visual Studio 2013
VisualStudioVersion = 12.0.30723.0
MinimumVisualStudioVersion = 10.0.40219.1
Project("{8BC9CEB8-8B4A-11D0-8D11-00A0C91BC942}") = "1", "1\1.vcxproj", "{AECE85F5-FA93-4950-90B0-81022D30EAA6}"
EndProject
Project("{8BC9CEB8-8B4A-11D0-8D11-00A0C91BC942}") = "2", "2\2.vcxproj", "{B6934D46-C5D6-4769-B96D-5B1D443156CE}"
EndProject
Project("{8BC9CEB8-8B4A-11D0-8D11-00A0C91BC942}") = "3", "3\3.vcxproj", "{7B1DBC53-ECF7-410E-8916-EC0C2434CB54}"
EndProject
Project("{8BC9CEB8-8B4A-11D0-8D11-00A0C91BC942}") = "4", "4\4.vcxproj", "{1FA9B8D4-8C1F-4654-85BB-80A6670B6799}"
EndProject
Project("{8BC9CEB8-8B4A-11D0-8D11-00A0C91BC942}") = "5", "5\5.vcxproj", "{D0B3AB55-AF19-42F0-9E99-FE785BD21455}"
EndProject
Project("{8BC9CEB8-8B4A-11D0-8D11-00A0C91BC942}") = "6", "6\6.vcxproj", "{77B89A98-3FD3-4247-8801-812C8288CD36}"
EndProject
Project("{8BC9CEB8-8B4A-11D0-8D11-00A0C91BC942}") = "7", "7\7.vcxproj", "{C4C82F71-2CB5-446F-8B3A-203F1F83035C}"
EndProject
Project("{8BC9CEB8-8B4A-11D0-8D11-00A0C91BC942}") = "8", "8\8.vcxproj", "{B8A81595-DE54-4F97-B507-4C541232A570}"
EndProject
Project("{8BC9CEB8-8B4A-11D0-8D11-00A0C91BC942}") = "9", "9\9.vcxproj", "{1F063D5D-3768-45FC-8FDB-D496902A0194}"
EndProject
Project("{8BC9CEB8-8B4A-11D0-8D11-00A0C91BC942}") = "10", "10\10.vcxproj", "{613756EE-55AA-472E-9CA8-BA028446F3F1}"
EndProject
Project("{8BC9CEB8-8B4A-11D0-8D11-00A0C91BC942}") = "11", "11\11.vcxproj", "{56F0CB1B-C646-4EBC-906B-F42F14C1F7D5}"
EndProject
Global
	GlobalSection(SolutionConfigurationPlatforms) = preSolution
		Debug|Win32 = Debug|Win32
		Release|Win32 = Release|Win32
	EndGlobalSection
	GlobalSection(ProjectConfigurationPlatforms) = postSolution
		{AECE85F5-FA93-4950-90B0-81022D30EAA6}.Debug|Win32.ActiveCfg = Debug|Win32
		{AECE85F5-FA93-4950-90B0-81022D30EAA6}.Debug|Win32.Build.0 = Debug|Win32
		{AECE85F5-FA93-4950-90B0-81022D30EAA6}.Release|Win32.ActiveCfg = Release|Win32
		{AECE85F5-FA93-4950-90B0-81022D30EAA6}.Release|Win32.Build.0 = Release|Win32
		{B6934D46-C5D6-4769-B96D-5B1D443156CE}.Debug|Win32.ActiveCfg = Debug|Win32
		{B6934D46-C5D6-4769-B96D-5B1D443156CE}.Debug|Win32.Build.0 = Debug|Win32
		{B6934D46-C5D6-4769-B96D-5B1D443156CE}.Release|Win32.ActiveCfg = Release|Win32
		{B6934D46-C5D6-4769-B96D-5B1D443156CE}.Release|Win32.Build.0 = Release|Win32
		{7B1DBC53-ECF7-410E-8916-EC0C2434CB54}.Debug|Win32.ActiveCfg = Debug|Win32
		{7B1DBC53-ECF7-410E-8916-EC0C2434CB54}.Debug|Win32.Build.0 = Debug|Win32
		{7B1DBC53-ECF7-410E-8916-EC0C2434CB54}.Release|Win32.ActiveCfg = Release|Win32
		{7B1DBC53-ECF7-410E-8916-EC0C2434CB54}.Release|Win32.Build.0 = Release|Win32
		{1FA9B8D4-8C1F-4654-85BB-80A6670B6799}.Debug|Win32.ActiveCfg = Debug|Win32
		{1FA9B8D4-8C1F-4654-85BB-80A6670B6799}.Debug|Win32.Build.0 = Debug|Win32
		{1FA9B8D4-8C1F-4654-85BB-80A6670B6799}.Release|Win32.ActiveCfg = Release|Win32
		{1FA9B8D4-8C1F-4654-85BB-80A6670B6799}.Release|Win32.Build.0 = Release|Win32
		{D0B3AB55-AF19-42F0-9E99-FE785BD21455}.Debug|Win32.ActiveCfg = Debug|Win32
		{D0B3AB55-AF19-42F0-9E99-FE785BD21455}.Debug|Win32.Build.0 = Debug|Win32
		{D0B3AB55-AF19-42F0-9E99-FE785BD21455}.Release|Win32.ActiveCfg = Release|Win32
		{D0B3AB55-AF19-42F0-9E99-FE785BD21455}.Release|Win32.Build.0 = Release|Win32
		{77B89A98-3FD3-4247-8801-812C8288CD36}.Debug|Win32.ActiveCfg = Debug|Win32
		{77B89A98-3FD3-4247-8801-812C8288CD36}.Debug|Win32.Build.0 = Debug|Win32
		{77B89A98-3FD3-4247-8801-812C8288CD36}.Release|Win32.ActiveCfg = Release|Win32
		{77B89A98-3FD3-4247-8801-812C8288CD36}.Release|Win32.Build.0 = Release|Win32
		{C4C82F71-2CB5-446F-8B3A-203F1F83035C}.Debug|Win32.ActiveCfg = Debug|Win32
		{C4C82F71-2CB5-446F-8B3A-203F1F83035C}.Debug|Win32.Build.0 = Debug|Win32
		{C4C82F71-2CB5-446F-8B3A-203F1F83035C}.Release|Win32.ActiveCfg = Release|Win32
		{C4C82F71-2CB5-446F-8B3A-203F1F83035C}.Release|Win32.Build.0 = Release|Win32
		{B8A81595-DE54-4F97-B507-4C541232A570}.Debug|Win32.ActiveCfg = Debug|Win32
		{B8A81595-DE54-4F97-B507-4C541232A570}.Debug|Win32.Build.0 = Debug|Win32
		{B8A81595-DE54-4F97-B507-4C541232A570}.Release|Win32.ActiveCfg = Release|Win32
		{B8A81595-DE54-4F97-B507-4C541232A570}.Release|Win32.Build.0 = Release|Win32
		{1F063D5D-3768-45FC-8FDB-D496902A0194}.Debug|Win32.ActiveCfg = Debug|Win32
		{1F063D5D-3768-45FC-8FDB-D496902A0194}.Debug|Win32.Build.0 = Debug|Win32
		{1F063D5D-3768-45FC-8FDB-D496902A0194}.Release|Win32.ActiveCfg = Release|Win32
		{1F063D5D-3768-45FC-8FDB-D496902A0194}.Release|Win32.Build.0 = Release|Win32
		{613756EE-55AA-472E-9CA8-BA028446F3F1}.Debug|Win32.ActiveCfg = Debug|Win32
		{613756EE-55AA-472E-9CA8-BA028446F3F1}.Debug|Win32.Build.0 = Debug|Win32
		{613756EE-55AA-472E-9CA8-BA028446F3F1}.Release|Win32.ActiveCfg = Release|Win32
		{613756EE-55AA-472E-9CA8-BA028446F3F1}.Release|Win32.Build.0 = Release|Win32
		{56F0CB1B-C646-4EBC-906B-F42F14C1F7D5}.Debug|Win32.ActiveCfg = Debug|Win32
		{56F0CB1B-C646-4EBC-906B-F42F14C1F7D5}.Debug|Win32.Build.0 = Debug|Win32
		{56F0CB1B-C646-4EBC-906B-F42F14C1F7D5}.Release|Win32.ActiveCfg = Release|Win32
		{56F0CB1B-C646-4EBC-906B-F42F14C1F7D5}.Release|Win32.Build.0 = Release|Win32
	EndGlobalSection
	GlobalSection(SolutionProperties) = preSolution
		HideSolutionNode = FALSE
	EndGlobalSection
EndGlobal
