
Microsoft Visual Studio Solution File, Format Version 12.00
# Visual Studio 2013
VisualStudioVersion = 12.0.30723.0
MinimumVisualStudioVersion = 10.0.40219.1
Project("{8BC9CEB8-8B4A-11D0-8D11-00A0C91BC942}") = "001", "1\1.vcxproj", "{AECE85F5-FA93-4950-90B0-81022D30EAA6}"
EndProject
Project("{8BC9CEB8-8B4A-11D0-8D11-00A0C91BC942}") = "002", "2\2.vcxproj", "{B6934D46-C5D6-4769-B96D-5B1D443156CE}"
EndProject
Project("{8BC9CEB8-8B4A-11D0-8D11-00A0C91BC942}") = "003", "3\3.vcxproj", "{7B1DBC53-ECF7-410E-8916-EC0C2434CB54}"
EndProject
Project("{8BC9CEB8-8B4A-11D0-8D11-00A0C91BC942}") = "004", "4\4.vcxproj", "{1FA9B8D4-8C1F-4654-85BB-80A6670B6799}"
EndProject
Project("{8BC9CEB8-8B4A-11D0-8D11-00A0C91BC942}") = "005", "5\5.vcxproj", "{D0B3AB55-AF19-42F0-9E99-FE785BD21455}"
EndProject
Project("{8BC9CEB8-8B4A-11D0-8D11-00A0C91BC942}") = "006", "6\6.vcxproj", "{77B89A98-3FD3-4247-8801-812C8288CD36}"
EndProject
Project("{8BC9CEB8-8B4A-11D0-8D11-00A0C91BC942}") = "007", "7\7.vcxproj", "{C4C82F71-2CB5-446F-8B3A-203F1F83035C}"
EndProject
Project("{8BC9CEB8-8B4A-11D0-8D11-00A0C91BC942}") = "008", "8\8.vcxproj", "{B8A81595-DE54-4F97-B507-4C541232A570}"
EndProject
Project("{8BC9CEB8-8B4A-11D0-8D11-00A0C91BC942}") = "009", "9\9.vcxproj", "{1F063D5D-3768-45FC-8FDB-D496902A0194}"
EndProject
Project("{8BC9CEB8-8B4A-11D0-8D11-00A0C91BC942}") = "010", "10\10.vcxproj", "{613756EE-55AA-472E-9CA8-BA028446F3F1}"
EndProject
Project("{8BC9CEB8-8B4A-11D0-8D11-00A0C91BC942}") = "011", "11\11.vcxproj", "{56F0CB1B-C646-4EBC-906B-F42F14C1F7D5}"
EndProject
Project("{8BC9CEB8-8B4A-11D0-8D11-00A0C91BC942}") = "012", "12\12.vcxproj", "{B3197ECE-88C5-4C37-B819-048B39F6A07D}"
EndProject
Project("{8BC9CEB8-8B4A-11D0-8D11-00A0C91BC942}") = "013", "13\13.vcxproj", "{FF4205A1-2804-41AD-A2A3-EEB1E079880C}"
EndProject
Project("{8BC9CEB8-8B4A-11D0-8D11-00A0C91BC942}") = "014", "14\14.vcxproj", "{AF0B49B9-CE63-467C-879E-580CD105F80E}"
EndProject
Project("{8BC9CEB8-8B4A-11D0-8D11-00A0C91BC942}") = "015", "15\15.vcxproj", "{9916A977-8745-424D-AF46-A573FC6D3A93}"
EndProject
Project("{8BC9CEB8-8B4A-11D0-8D11-00A0C91BC942}") = "016", "16\16.vcxproj", "{F36C8E74-8B3E-4722-99EA-100A58F685A2}"
EndProject
Project("{8BC9CEB8-8B4A-11D0-8D11-00A0C91BC942}") = "017", "017\017.vcxproj", "{D90249A4-450A-49EC-AF9C-567A5FF72B3D}"
EndProject
Project("{8BC9CEB8-8B4A-11D0-8D11-00A0C91BC942}") = "018", "018\018.vcxproj", "{D8311CCC-69F1-417E-9AD3-C8F1EE08FCAC}"
EndProject
Project("{8BC9CEB8-8B4A-11D0-8D11-00A0C91BC942}") = "019", "019\019.vcxproj", "{EA523A8E-821B-41C8-BB63-BAA9A1E61808}"
EndProject
Project("{8BC9CEB8-8B4A-11D0-8D11-00A0C91BC942}") = "020", "020\020.vcxproj", "{279C6C4F-C180-486E-B043-6E1EBA61F3BE}"
EndProject
Global
	GlobalSection(SolutionConfigurationPlatforms) = preSolution
		Debug|Win32 = Debug|Win32
		Release|Win32 = Release|Win32
	EndGlobalSection
	GlobalSection(ProjectConfigurationPlatforms) = postSolution
		{AECE85F5-FA93-4950-90B0-81022D30EAA6}.Debug|Win32.ActiveCfg = Debug|Win32
		{AECE85F5-FA93-4950-90B0-81022D30EAA6}.Debug|Win32.Build.0 = Debug|Win32
		{AECE85F5-FA93-4950-90B0-81022D30EAA6}.Release|Win32.ActiveCfg = Release|Win32
		{AECE85F5-FA93-4950-90B0-81022D30EAA6}.Release|Win32.Build.0 = Release|Win32
		{B6934D46-C5D6-4769-B96D-5B1D443156CE}.Debug|Win32.ActiveCfg = Debug|Win32
		{B6934D46-C5D6-4769-B96D-5B1D443156CE}.Debug|Win32.Build.0 = Debug|Win32
		{B6934D46-C5D6-4769-B96D-5B1D443156CE}.Release|Win32.ActiveCfg = Release|Win32
		{B6934D46-C5D6-4769-B96D-5B1D443156CE}.Release|Win32.Build.0 = Release|Win32
		{7B1DBC53-ECF7-410E-8916-EC0C2434CB54}.Debug|Win32.ActiveCfg = Debug|Win32
		{7B1DBC53-ECF7-410E-8916-EC0C2434CB54}.Debug|Win32.Build.0 = Debug|Win32
		{7B1DBC53-ECF7-410E-8916-EC0C2434CB54}.Release|Win32.ActiveCfg = Release|Win32
		{7B1DBC53-ECF7-410E-8916-EC0C2434CB54}.Release|Win32.Build.0 = Release|Win32
		{1FA9B8D4-8C1F-4654-85BB-80A6670B6799}.Debug|Win32.ActiveCfg = Debug|Win32
		{1FA9B8D4-8C1F-4654-85BB-80A6670B6799}.Debug|Win32.Build.0 = Debug|Win32
		{1FA9B8D4-8C1F-4654-85BB-80A6670B6799}.Release|Win32.ActiveCfg = Release|Win32
		{1FA9B8D4-8C1F-4654-85BB-80A6670B6799}.Release|Win32.Build.0 = Release|Win32
		{D0B3AB55-AF19-42F0-9E99-FE785BD21455}.Debug|Win32.ActiveCfg = Debug|Win32
		{D0B3AB55-AF19-42F0-9E99-FE785BD21455}.Debug|Win32.Build.0 = Debug|Win32
		{D0B3AB55-AF19-42F0-9E99-FE785BD21455}.Release|Win32.ActiveCfg = Release|Win32
		{D0B3AB55-AF19-42F0-9E99-FE785BD21455}.Release|Win32.Build.0 = Release|Win32
		{77B89A98-3FD3-4247-8801-812C8288CD36}.Debug|Win32.ActiveCfg = Debug|Win32
		{77B89A98-3FD3-4247-8801-812C8288CD36}.Debug|Win32.Build.0 = Debug|Win32
		{77B89A98-3FD3-4247-8801-812C8288CD36}.Release|Win32.ActiveCfg = Release|Win32
		{77B89A98-3FD3-4247-8801-812C8288CD36}.Release|Win32.Build.0 = Release|Win32
		{C4C82F71-2CB5-446F-8B3A-203F1F83035C}.Debug|Win32.ActiveCfg = Debug|Win32
		{C4C82F71-2CB5-446F-8B3A-203F1F83035C}.Debug|Win32.Build.0 = Debug|Win32
		{C4C82F71-2CB5-446F-8B3A-203F1F83035C}.Release|Win32.ActiveCfg = Release|Win32
		{C4C82F71-2CB5-446F-8B3A-203F1F83035C}.Release|Win32.Build.0 = Release|Win32
		{B8A81595-DE54-4F97-B507-4C541232A570}.Debug|Win32.ActiveCfg = Debug|Win32
		{B8A81595-DE54-4F97-B507-4C541232A570}.Debug|Win32.Build.0 = Debug|Win32
		{B8A81595-DE54-4F97-B507-4C541232A570}.Release|Win32.ActiveCfg = Release|Win32
		{B8A81595-DE54-4F97-B507-4C541232A570}.Release|Win32.Build.0 = Release|Win32
		{1F063D5D-3768-45FC-8FDB-D496902A0194}.Debug|Win32.ActiveCfg = Debug|Win32
		{1F063D5D-3768-45FC-8FDB-D496902A0194}.Debug|Win32.Build.0 = Debug|Win32
		{1F063D5D-3768-45FC-8FDB-D496902A0194}.Release|Win32.ActiveCfg = Release|Win32
		{1F063D5D-3768-45FC-8FDB-D496902A0194}.Release|Win32.Build.0 = Release|Win32
		{613756EE-55AA-472E-9CA8-BA028446F3F1}.Debug|Win32.ActiveCfg = Debug|Win32
		{613756EE-55AA-472E-9CA8-BA028446F3F1}.Debug|Win32.Build.0 = Debug|Win32
		{613756EE-55AA-472E-9CA8-BA028446F3F1}.Release|Win32.ActiveCfg = Release|Win32
		{613756EE-55AA-472E-9CA8-BA028446F3F1}.Release|Win32.Build.0 = Release|Win32
		{56F0CB1B-C646-4EBC-906B-F42F14C1F7D5}.Debug|Win32.ActiveCfg = Debug|Win32
		{56F0CB1B-C646-4EBC-906B-F42F14C1F7D5}.Debug|Win32.Build.0 = Debug|Win32
		{56F0CB1B-C646-4EBC-906B-F42F14C1F7D5}.Release|Win32.ActiveCfg = Release|Win32
		{56F0CB1B-C646-4EBC-906B-F42F14C1F7D5}.Release|Win32.Build.0 = Release|Win32
		{B3197ECE-88C5-4C37-B819-048B39F6A07D}.Debug|Win32.ActiveCfg = Debug|Win32
		{B3197ECE-88C5-4C37-B819-048B39F6A07D}.Debug|Win32.Build.0 = Debug|Win32
		{B3197ECE-88C5-4C37-B819-048B39F6A07D}.Release|Win32.ActiveCfg = Release|Win32
		{B3197ECE-88C5-4C37-B819-048B39F6A07D}.Release|Win32.Build.0 = Release|Win32
		{FF4205A1-2804-41AD-A2A3-EEB1E079880C}.Debug|Win32.ActiveCfg = Debug|Win32
		{FF4205A1-2804-41AD-A2A3-EEB1E079880C}.Debug|Win32.Build.0 = Debug|Win32
		{FF4205A1-2804-41AD-A2A3-EEB1E079880C}.Release|Win32.ActiveCfg = Release|Win32
		{FF4205A1-2804-41AD-A2A3-EEB1E079880C}.Release|Win32.Build.0 = Release|Win32
		{AF0B49B9-CE63-467C-879E-580CD105F80E}.Debug|Win32.ActiveCfg = Debug|Win32
		{AF0B49B9-CE63-467C-879E-580CD105F80E}.Debug|Win32.Build.0 = Debug|Win32
		{AF0B49B9-CE63-467C-879E-580CD105F80E}.Release|Win32.ActiveCfg = Release|Win32
		{AF0B49B9-CE63-467C-879E-580CD105F80E}.Release|Win32.Build.0 = Release|Win32
		{9916A977-8745-424D-AF46-A573FC6D3A93}.Debug|Win32.ActiveCfg = Debug|Win32
		{9916A977-8745-424D-AF46-A573FC6D3A93}.Debug|Win32.Build.0 = Debug|Win32
		{9916A977-8745-424D-AF46-A573FC6D3A93}.Release|Win32.ActiveCfg = Release|Win32
		{9916A977-8745-424D-AF46-A573FC6D3A93}.Release|Win32.Build.0 = Release|Win32
		{F36C8E74-8B3E-4722-99EA-100A58F685A2}.Debug|Win32.ActiveCfg = Debug|Win32
		{F36C8E74-8B3E-4722-99EA-100A58F685A2}.Debug|Win32.Build.0 = Debug|Win32
		{F36C8E74-8B3E-4722-99EA-100A58F685A2}.Release|Win32.ActiveCfg = Release|Win32
		{F36C8E74-8B3E-4722-99EA-100A58F685A2}.Release|Win32.Build.0 = Release|Win32
		{D90249A4-450A-49EC-AF9C-567A5FF72B3D}.Debug|Win32.ActiveCfg = Debug|Win32
		{D90249A4-450A-49EC-AF9C-567A5FF72B3D}.Debug|Win32.Build.0 = Debug|Win32
		{D90249A4-450A-49EC-AF9C-567A5FF72B3D}.Release|Win32.ActiveCfg = Release|Win32
		{D90249A4-450A-49EC-AF9C-567A5FF72B3D}.Release|Win32.Build.0 = Release|Win32
		{D8311CCC-69F1-417E-9AD3-C8F1EE08FCAC}.Debug|Win32.ActiveCfg = Debug|Win32
		{D8311CCC-69F1-417E-9AD3-C8F1EE08FCAC}.Debug|Win32.Build.0 = Debug|Win32
		{D8311CCC-69F1-417E-9AD3-C8F1EE08FCAC}.Release|Win32.ActiveCfg = Release|Win32
		{D8311CCC-69F1-417E-9AD3-C8F1EE08FCAC}.Release|Win32.Build.0 = Release|Win32
		{EA523A8E-821B-41C8-BB63-BAA9A1E61808}.Debug|Win32.ActiveCfg = Debug|Win32
		{EA523A8E-821B-41C8-BB63-BAA9A1E61808}.Debug|Win32.Build.0 = Debug|Win32
		{EA523A8E-821B-41C8-BB63-BAA9A1E61808}.Release|Win32.ActiveCfg = Release|Win32
		{EA523A8E-821B-41C8-BB63-BAA9A1E61808}.Release|Win32.Build.0 = Release|Win32
		{279C6C4F-C180-486E-B043-6E1EBA61F3BE}.Debug|Win32.ActiveCfg = Debug|Win32
		{279C6C4F-C180-486E-B043-6E1EBA61F3BE}.Debug|Win32.Build.0 = Debug|Win32
		{279C6C4F-C180-486E-B043-6E1EBA61F3BE}.Release|Win32.ActiveCfg = Release|Win32
		{279C6C4F-C180-486E-B043-6E1EBA61F3BE}.Release|Win32.Build.0 = Release|Win32
	EndGlobalSection
	GlobalSection(SolutionProperties) = preSolution
		HideSolutionNode = FALSE
	EndGlobalSection
EndGlobal
